# This file is automatically @generated by Cargo.
# It is not intended for manual editing.
version = 3

[[package]]
name = "d01"
version = "0.1.0"

[[package]]
name = "d02"
version = "0.1.0"
dependencies = [
 "intcode",
]

[[package]]
name = "d03"
version = "0.1.0"

[[package]]
name = "d04"
version = "0.1.0"

[[package]]
name = "d05"
version = "0.1.0"
dependencies = [
 "intcode",
]

[[package]]
name = "d09"
version = "0.1.0"
dependencies = [
 "intcode",
]

[[package]]
name = "d16"
version = "0.1.0"

[[package]]
name = "intcode"
version = "0.1.0"
